
Microsoft Visual Studio Solution File, Format Version 12.00
# Visual Studio Version 17
VisualStudioVersion = 17.2.32616.157
MinimumVisualStudioVersion = 10.0.40219.1
Project("{FAE04EC0-301F-11D3-BF4B-00C04F79EFBC}") = "WebApplication1", "WebApplication1\WebApplication1.csproj", "{B34C2155-9F49-4E14-9392-3A3E855A6A43}"
EndProject
Global
	GlobalSection(SolutionConfigurationPlatforms) = preSolution
		Debug|Any CPU = Debug|Any CPU
		Release|Any CPU = Release|Any CPU
	EndGlobalSection
	GlobalSection(ProjectConfigurationPlatforms) = postSolution
		{B34C2155-9F49-4E14-9392-3A3E855A6A43}.Debug|Any CPU.ActiveCfg = Debug|Any CPU
		{B34C2155-9F49-4E14-9392-3A3E855A6A43}.Debug|Any CPU.Build.0 = Debug|Any CPU
		{B34C2155-9F49-4E14-9392-3A3E855A6A43}.Release|Any CPU.ActiveCfg = Release|Any CPU
		{B34C2155-9F49-4E14-9392-3A3E855A6A43}.Release|Any CPU.Build.0 = Release|Any CPU
	EndGlobalSection
	GlobalSection(SolutionProperties) = preSolution
		HideSolutionNode = FALSE
	EndGlobalSection
	GlobalSection(ExtensibilityGlobals) = postSolution
		SolutionGuid = {456955A1-85A8-4826-8A76-35C8B40127CE}
	EndGlobalSection
EndGlobal
